
Microsoft Visual Studio Solution File, Format Version 12.00
# Visual Studio Version 17
VisualStudioVersion = 17.13.35931.197
MinimumVisualStudioVersion = 10.0.40219.1
Project("{FAE04EC0-301F-11D3-BF4B-00C04F79EFBC}") = "StokYonetimSistemi", "StokYonetimSistemi.csproj", "{D83ECD6F-0DA2-4A97-93B8-432D1DCDDF6C}"
EndProject
Project("{2150E333-8FDC-42A3-9474-1A3956D46DE8}") = "Çözüm Öğeleri", "Çözüm Öğeleri", "{AC80F682-3D55-C8F8-4895-A4A9EDD49434}"
	ProjectSection(SolutionItems) = preProject
		.gitignore = .gitignore
	EndProjectSection
EndProject
Global
	GlobalSection(SolutionConfigurationPlatforms) = preSolution
		Debug|Any CPU = Debug|Any CPU
		Release|Any CPU = Release|Any CPU
	EndGlobalSection
	GlobalSection(ProjectConfigurationPlatforms) = postSolution
		{D83ECD6F-0DA2-4A97-93B8-432D1DCDDF6C}.Debug|Any CPU.ActiveCfg = Debug|Any CPU
		{D83ECD6F-0DA2-4A97-93B8-432D1DCDDF6C}.Debug|Any CPU.Build.0 = Debug|Any CPU
		{D83ECD6F-0DA2-4A97-93B8-432D1DCDDF6C}.Release|Any CPU.ActiveCfg = Release|Any CPU
		{D83ECD6F-0DA2-4A97-93B8-432D1DCDDF6C}.Release|Any CPU.Build.0 = Release|Any CPU
	EndGlobalSection
	GlobalSection(SolutionProperties) = preSolution
		HideSolutionNode = FALSE
	EndGlobalSection
	GlobalSection(ExtensibilityGlobals) = postSolution
		SolutionGuid = {FABFE9F3-3B21-4017-9664-9FE030B670D9}
	EndGlobalSection
EndGlobal
